// !$*UTF8*$!
{
	archiveVersion = 1;
	classes = {
	};
	objectVersion = 55;
	objects = {

/* Begin PBXBuildFile section */
		4F24CBDA289B5F5800946F3F /* Extensions.swift in Sources */ = {isa = PBXBuildFile; fileRef = 4F24CBD9289B5F5800946F3F /* Extensions.swift */; };
		4F4077A52898B1560075BF29 /* APICaller.swift in Sources */ = {isa = PBXBuildFile; fileRef = 4F4077A42898B1560075BF29 /* APICaller.swift */; };
		4F4077A72898B1620075BF29 /* HapticsManager.swift in Sources */ = {isa = PBXBuildFile; fileRef = 4F4077A62898B1620075BF29 /* HapticsManager.swift */; };
		4F4077A92898B16B0075BF29 /* PersistenceManager.swift in Sources */ = {isa = PBXBuildFile; fileRef = 4F4077A82898B16B0075BF29 /* PersistenceManager.swift */; };
		4F7B4BC728AB294100423A42 /* SearchResponse.swift in Sources */ = {isa = PBXBuildFile; fileRef = 4F7B4BC628AB294100423A42 /* SearchResponse.swift */; };
		4FF99148289EF8550061D1F5 /* SearchResultsTableViewCell.swift in Sources */ = {isa = PBXBuildFile; fileRef = 4FF99147289EF8550061D1F5 /* SearchResultsTableViewCell.swift */; };
		7A0FCCFC2895EB85000EA5B3 /* AppDelegate.swift in Sources */ = {isa = PBXBuildFile; fileRef = 7A0FCCFB2895EB85000EA5B3 /* AppDelegate.swift */; };
		7A0FCCFE2895EB85000EA5B3 /* SceneDelegate.swift in Sources */ = {isa = PBXBuildFile; fileRef = 7A0FCCFD2895EB85000EA5B3 /* SceneDelegate.swift */; };
		7A0FCD002895EB85000EA5B3 /* WatchListViewController.swift in Sources */ = {isa = PBXBuildFile; fileRef = 7A0FCCFF2895EB85000EA5B3 /* WatchListViewController.swift */; };
		7A0FCD052895EB86000EA5B3 /* Assets.xcassets in Resources */ = {isa = PBXBuildFile; fileRef = 7A0FCD042895EB86000EA5B3 /* Assets.xcassets */; };
		7A0FCD082895EB86000EA5B3 /* LaunchScreen.storyboard in Resources */ = {isa = PBXBuildFile; fileRef = 7A0FCD062895EB86000EA5B3 /* LaunchScreen.storyboard */; };
		7A0FCD162895EDAB000EA5B3 /* TopStoriesNewsViewController.swift in Sources */ = {isa = PBXBuildFile; fileRef = 7A0FCD152895EDAB000EA5B3 /* TopStoriesNewsViewController.swift */; };
		7A0FCD182895EDB8000EA5B3 /* SearchResultsViewController.swift in Sources */ = {isa = PBXBuildFile; fileRef = 7A0FCD172895EDB8000EA5B3 /* SearchResultsViewController.swift */; };
		7A0FCD1A2895EDC6000EA5B3 /* StockDetailsViewController.swift in Sources */ = {isa = PBXBuildFile; fileRef = 7A0FCD192895EDC6000EA5B3 /* StockDetailsViewController.swift */; };
/* End PBXBuildFile section */

/* Begin PBXFileReference section */
		4F24CBD9289B5F5800946F3F /* Extensions.swift */ = {isa = PBXFileReference; lastKnownFileType = sourcecode.swift; path = Extensions.swift; sourceTree = "<group>"; };
		4F4077A42898B1560075BF29 /* APICaller.swift */ = {isa = PBXFileReference; lastKnownFileType = sourcecode.swift; path = APICaller.swift; sourceTree = "<group>"; };
		4F4077A62898B1620075BF29 /* HapticsManager.swift */ = {isa = PBXFileReference; lastKnownFileType = sourcecode.swift; path = HapticsManager.swift; sourceTree = "<group>"; };
		4F4077A82898B16B0075BF29 /* PersistenceManager.swift */ = {isa = PBXFileReference; lastKnownFileType = sourcecode.swift; path = PersistenceManager.swift; sourceTree = "<group>"; };
		4F7B4BC628AB294100423A42 /* SearchResponse.swift */ = {isa = PBXFileReference; lastKnownFileType = sourcecode.swift; path = SearchResponse.swift; sourceTree = "<group>"; };
		4FF99147289EF8550061D1F5 /* SearchResultsTableViewCell.swift */ = {isa = PBXFileReference; lastKnownFileType = sourcecode.swift; path = SearchResultsTableViewCell.swift; sourceTree = "<group>"; };
		4FFBD3F928A1EA8A00F20544 /* Config.xcconfig */ = {isa = PBXFileReference; lastKnownFileType = text.xcconfig; path = Config.xcconfig; sourceTree = "<group>"; };
		7A0FCCF82895EB85000EA5B3 /* Stocks.app */ = {isa = PBXFileReference; explicitFileType = wrapper.application; includeInIndex = 0; path = Stocks.app; sourceTree = BUILT_PRODUCTS_DIR; };
		7A0FCCFB2895EB85000EA5B3 /* AppDelegate.swift */ = {isa = PBXFileReference; lastKnownFileType = sourcecode.swift; path = AppDelegate.swift; sourceTree = "<group>"; };
		7A0FCCFD2895EB85000EA5B3 /* SceneDelegate.swift */ = {isa = PBXFileReference; lastKnownFileType = sourcecode.swift; path = SceneDelegate.swift; sourceTree = "<group>"; };
		7A0FCCFF2895EB85000EA5B3 /* WatchListViewController.swift */ = {isa = PBXFileReference; lastKnownFileType = sourcecode.swift; path = WatchListViewController.swift; sourceTree = "<group>"; };
		7A0FCD042895EB86000EA5B3 /* Assets.xcassets */ = {isa = PBXFileReference; lastKnownFileType = folder.assetcatalog; path = Assets.xcassets; sourceTree = "<group>"; };
		7A0FCD072895EB86000EA5B3 /* Base */ = {isa = PBXFileReference; lastKnownFileType = file.storyboard; name = Base; path = Base.lproj/LaunchScreen.storyboard; sourceTree = "<group>"; };
		7A0FCD092895EB86000EA5B3 /* Info.plist */ = {isa = PBXFileReference; lastKnownFileType = text.plist.xml; path = Info.plist; sourceTree = "<group>"; };
		7A0FCD152895EDAB000EA5B3 /* TopStoriesNewsViewController.swift */ = {isa = PBXFileReference; lastKnownFileType = sourcecode.swift; path = TopStoriesNewsViewController.swift; sourceTree = "<group>"; };
		7A0FCD172895EDB8000EA5B3 /* SearchResultsViewController.swift */ = {isa = PBXFileReference; lastKnownFileType = sourcecode.swift; path = SearchResultsViewController.swift; sourceTree = "<group>"; };
		7A0FCD192895EDC6000EA5B3 /* StockDetailsViewController.swift */ = {isa = PBXFileReference; lastKnownFileType = sourcecode.swift; path = StockDetailsViewController.swift; sourceTree = "<group>"; };
/* End PBXFileReference section */

/* Begin PBXFrameworksBuildPhase section */
		7A0FCCF52895EB85000EA5B3 /* Frameworks */ = {
			isa = PBXFrameworksBuildPhase;
			buildActionMask = 2147483647;
			files = (
			);
			runOnlyForDeploymentPostprocessing = 0;
		};
/* End PBXFrameworksBuildPhase section */

/* Begin PBXGroup section */
		4F4077A32898B1400075BF29 /* Managers */ = {
			isa = PBXGroup;
			children = (
				4F4077A42898B1560075BF29 /* APICaller.swift */,
				4F4077A62898B1620075BF29 /* HapticsManager.swift */,
				4F4077A82898B16B0075BF29 /* PersistenceManager.swift */,
			);
			path = Managers;
			sourceTree = "<group>";
		};
		7A0FCCEF2895EB85000EA5B3 = {
			isa = PBXGroup;
			children = (
				7A0FCCFA2895EB85000EA5B3 /* Stocks */,
				7A0FCCF92895EB85000EA5B3 /* Products */,
			);
			sourceTree = "<group>";
		};
		7A0FCCF92895EB85000EA5B3 /* Products */ = {
			isa = PBXGroup;
			children = (
				7A0FCCF82895EB85000EA5B3 /* Stocks.app */,
			);
			name = Products;
			sourceTree = "<group>";
		};
		7A0FCCFA2895EB85000EA5B3 /* Stocks */ = {
			isa = PBXGroup;
			children = (
				4F4077A32898B1400075BF29 /* Managers */,
				7A0FCD122895EC6F000EA5B3 /* Other */,
				7A0FCD112895EC65000EA5B3 /* Controllers */,
				7A0FCD102895EC5B000EA5B3 /* Models */,
				7A0FCD0F2895EC53000EA5B3 /* Views */,
				7A0FCD092895EB86000EA5B3 /* Info.plist */,
				4FFBD3F928A1EA8A00F20544 /* Config.xcconfig */,
			);
			path = Stocks;
			sourceTree = "<group>";
		};
		7A0FCD0F2895EC53000EA5B3 /* Views */ = {
			isa = PBXGroup;
			children = (
				7A0FCD062895EB86000EA5B3 /* LaunchScreen.storyboard */,
				4FF99147289EF8550061D1F5 /* SearchResultsTableViewCell.swift */,
			);
			path = Views;
			sourceTree = "<group>";
		};
		7A0FCD102895EC5B000EA5B3 /* Models */ = {
			isa = PBXGroup;
			children = (
				4F7B4BC628AB294100423A42 /* SearchResponse.swift */,
			);
			path = Models;
			sourceTree = "<group>";
		};
		7A0FCD112895EC65000EA5B3 /* Controllers */ = {
			isa = PBXGroup;
			children = (
				7A0FCCFF2895EB85000EA5B3 /* WatchListViewController.swift */,
				7A0FCD152895EDAB000EA5B3 /* TopStoriesNewsViewController.swift */,
				7A0FCD172895EDB8000EA5B3 /* SearchResultsViewController.swift */,
				7A0FCD192895EDC6000EA5B3 /* StockDetailsViewController.swift */,
			);
			path = Controllers;
			sourceTree = "<group>";
		};
		7A0FCD122895EC6F000EA5B3 /* Other */ = {
			isa = PBXGroup;
			children = (
				7A0FCD042895EB86000EA5B3 /* Assets.xcassets */,
				7A0FCCFB2895EB85000EA5B3 /* AppDelegate.swift */,
				7A0FCCFD2895EB85000EA5B3 /* SceneDelegate.swift */,
				4F24CBD9289B5F5800946F3F /* Extensions.swift */,
			);
			path = Other;
			sourceTree = "<group>";
		};
/* End PBXGroup section */

/* Begin PBXNativeTarget section */
		7A0FCCF72895EB85000EA5B3 /* Stocks */ = {
			isa = PBXNativeTarget;
			buildConfigurationList = 7A0FCD0C2895EB86000EA5B3 /* Build configuration list for PBXNativeTarget "Stocks" */;
			buildPhases = (
				7A0FCCF42895EB85000EA5B3 /* Sources */,
				7A0FCCF52895EB85000EA5B3 /* Frameworks */,
				7A0FCCF62895EB85000EA5B3 /* Resources */,
			);
			buildRules = (
			);
			dependencies = (
			);
			name = Stocks;
			productName = Stocks;
			productReference = 7A0FCCF82895EB85000EA5B3 /* Stocks.app */;
			productType = "com.apple.product-type.application";
		};
/* End PBXNativeTarget section */

/* Begin PBXProject section */
		7A0FCCF02895EB85000EA5B3 /* Project object */ = {
			isa = PBXProject;
			attributes = {
				BuildIndependentTargetsInParallel = 1;
				LastSwiftUpdateCheck = 1340;
				LastUpgradeCheck = 1340;
				TargetAttributes = {
					7A0FCCF72895EB85000EA5B3 = {
						CreatedOnToolsVersion = 13.4.1;
					};
				};
			};
			buildConfigurationList = 7A0FCCF32895EB85000EA5B3 /* Build configuration list for PBXProject "Stocks" */;
			compatibilityVersion = "Xcode 13.0";
			developmentRegion = en;
			hasScannedForEncodings = 0;
			knownRegions = (
				en,
				Base,
			);
			mainGroup = 7A0FCCEF2895EB85000EA5B3;
			productRefGroup = 7A0FCCF92895EB85000EA5B3 /* Products */;
			projectDirPath = "";
			projectRoot = "";
			targets = (
				7A0FCCF72895EB85000EA5B3 /* Stocks */,
			);
		};
/* End PBXProject section */

/* Begin PBXResourcesBuildPhase section */
		7A0FCCF62895EB85000EA5B3 /* Resources */ = {
			isa = PBXResourcesBuildPhase;
			buildActionMask = 2147483647;
			files = (
				7A0FCD082895EB86000EA5B3 /* LaunchScreen.storyboard in Resources */,
				7A0FCD052895EB86000EA5B3 /* Assets.xcassets in Resources */,
			);
			runOnlyForDeploymentPostprocessing = 0;
		};
/* End PBXResourcesBuildPhase section */

/* Begin PBXSourcesBuildPhase section */
		7A0FCCF42895EB85000EA5B3 /* Sources */ = {
			isa = PBXSourcesBuildPhase;
			buildActionMask = 2147483647;
			files = (
				4FF99148289EF8550061D1F5 /* SearchResultsTableViewCell.swift in Sources */,
				7A0FCD1A2895EDC6000EA5B3 /* StockDetailsViewController.swift in Sources */,
				7A0FCD002895EB85000EA5B3 /* WatchListViewController.swift in Sources */,
				7A0FCD162895EDAB000EA5B3 /* TopStoriesNewsViewController.swift in Sources */,
				4F4077A52898B1560075BF29 /* APICaller.swift in Sources */,
				7A0FCCFC2895EB85000EA5B3 /* AppDelegate.swift in Sources */,
				4F24CBDA289B5F5800946F3F /* Extensions.swift in Sources */,
				7A0FCCFE2895EB85000EA5B3 /* SceneDelegate.swift in Sources */,
				4F7B4BC728AB294100423A42 /* SearchResponse.swift in Sources */,
				4F4077A92898B16B0075BF29 /* PersistenceManager.swift in Sources */,
				4F4077A72898B1620075BF29 /* HapticsManager.swift in Sources */,
				7A0FCD182895EDB8000EA5B3 /* SearchResultsViewController.swift in Sources */,
			);
			runOnlyForDeploymentPostprocessing = 0;
		};
/* End PBXSourcesBuildPhase section */

/* Begin PBXVariantGroup section */
		7A0FCD062895EB86000EA5B3 /* LaunchScreen.storyboard */ = {
			isa = PBXVariantGroup;
			children = (
				7A0FCD072895EB86000EA5B3 /* Base */,
			);
			name = LaunchScreen.storyboard;
			sourceTree = "<group>";
		};
/* End PBXVariantGroup section */

/* Begin XCBuildConfiguration section */
		7A0FCD0A2895EB86000EA5B3 /* Debug */ = {
			isa = XCBuildConfiguration;
			baseConfigurationReference = 4FFBD3F928A1EA8A00F20544 /* Config.xcconfig */;
			buildSettings = {
				ALWAYS_SEARCH_USER_PATHS = NO;
				CLANG_ANALYZER_NONNULL = YES;
				CLANG_ANALYZER_NUMBER_OBJECT_CONVERSION = YES_AGGRESSIVE;
				CLANG_CXX_LANGUAGE_STANDARD = "gnu++17";
				CLANG_ENABLE_MODULES = YES;
				CLANG_ENABLE_OBJC_ARC = YES;
				CLANG_ENABLE_OBJC_WEAK = YES;
				CLANG_WARN_BLOCK_CAPTURE_AUTORELEASING = YES;
				CLANG_WARN_BOOL_CONVERSION = YES;
				CLANG_WARN_COMMA = YES;
				CLANG_WARN_CONSTANT_CONVERSION = YES;
				CLANG_WARN_DEPRECATED_OBJC_IMPLEMENTATIONS = YES;
				CLANG_WARN_DIRECT_OBJC_ISA_USAGE = YES_ERROR;
				CLANG_WARN_DOCUMENTATION_COMMENTS = YES;
				CLANG_WARN_EMPTY_BODY = YES;
				CLANG_WARN_ENUM_CONVERSION = YES;
				CLANG_WARN_INFINITE_RECURSION = YES;
				CLANG_WARN_INT_CONVERSION = YES;
				CLANG_WARN_NON_LITERAL_NULL_CONVERSION = YES;
				CLANG_WARN_OBJC_IMPLICIT_RETAIN_SELF = YES;
				CLANG_WARN_OBJC_LITERAL_CONVERSION = YES;
				CLANG_WARN_OBJC_ROOT_CLASS = YES_ERROR;
				CLANG_WARN_QUOTED_INCLUDE_IN_FRAMEWORK_HEADER = YES;
				CLANG_WARN_RANGE_LOOP_ANALYSIS = YES;
				CLANG_WARN_STRICT_PROTOTYPES = YES;
				CLANG_WARN_SUSPICIOUS_MOVE = YES;
				CLANG_WARN_UNGUARDED_AVAILABILITY = YES_AGGRESSIVE;
				CLANG_WARN_UNREACHABLE_CODE = YES;
				CLANG_WARN__DUPLICATE_METHOD_MATCH = YES;
				COPY_PHASE_STRIP = NO;
				DEBUG_INFORMATION_FORMAT = dwarf;
				ENABLE_STRICT_OBJC_MSGSEND = YES;
				ENABLE_TESTABILITY = YES;
				GCC_C_LANGUAGE_STANDARD = gnu11;
				GCC_DYNAMIC_NO_PIC = NO;
				GCC_NO_COMMON_BLOCKS = YES;
				GCC_OPTIMIZATION_LEVEL = 0;
				GCC_PREPROCESSOR_DEFINITIONS = (
					"DEBUG=1",
					"$(inherited)",
				);
				GCC_WARN_64_TO_32_BIT_CONVERSION = YES;
				GCC_WARN_ABOUT_RETURN_TYPE = YES_ERROR;
				GCC_WARN_UNDECLARED_SELECTOR = YES;
				GCC_WARN_UNINITIALIZED_AUTOS = YES_AGGRESSIVE;
				GCC_WARN_UNUSED_FUNCTION = YES;
				GCC_WARN_UNUSED_VARIABLE = YES;
				IPHONEOS_DEPLOYMENT_TARGET = 15.5;
				MTL_ENABLE_DEBUG_INFO = INCLUDE_SOURCE;
				MTL_FAST_MATH = YES;
				ONLY_ACTIVE_ARCH = YES;
				SDKROOT = iphoneos;
				SWIFT_ACTIVE_COMPILATION_CONDITIONS = DEBUG;
				SWIFT_OPTIMIZATION_LEVEL = "-Onone";
			};
			name = Debug;
		};
		7A0FCD0B2895EB86000EA5B3 /* Release */ = {
			isa = XCBuildConfiguration;
			baseConfigurationReference = 4FFBD3F928A1EA8A00F20544 /* Config.xcconfig */;
			buildSettings = {
				ALWAYS_SEARCH_USER_PATHS = NO;
				CLANG_ANALYZER_NONNULL = YES;
				CLANG_ANALYZER_NUMBER_OBJECT_CONVERSION = YES_AGGRESSIVE;
				CLANG_CXX_LANGUAGE_STANDARD = "gnu++17";
				CLANG_ENABLE_MODULES = YES;
				CLANG_ENABLE_OBJC_ARC = YES;
				CLANG_ENABLE_OBJC_WEAK = YES;
				CLANG_WARN_BLOCK_CAPTURE_AUTORELEASING = YES;
				CLANG_WARN_BOOL_CONVERSION = YES;
				CLANG_WARN_COMMA = YES;
				CLANG_WARN_CONSTANT_CONVERSION = YES;
				CLANG_WARN_DEPRECATED_OBJC_IMPLEMENTATIONS = YES;
				CLANG_WARN_DIRECT_OBJC_ISA_USAGE = YES_ERROR;
				CLANG_WARN_DOCUMENTATION_COMMENTS = YES;
				CLANG_WARN_EMPTY_BODY = YES;
				CLANG_WARN_ENUM_CONVERSION = YES;
				CLANG_WARN_INFINITE_RECURSION = YES;
				CLANG_WARN_INT_CONVERSION = YES;
				CLANG_WARN_NON_LITERAL_NULL_CONVERSION = YES;
				CLANG_WARN_OBJC_IMPLICIT_RETAIN_SELF = YES;
				CLANG_WARN_OBJC_LITERAL_CONVERSION = YES;
				CLANG_WARN_OBJC_ROOT_CLASS = YES_ERROR;
				CLANG_WARN_QUOTED_INCLUDE_IN_FRAMEWORK_HEADER = YES;
				CLANG_WARN_RANGE_LOOP_ANALYSIS = YES;
				CLANG_WARN_STRICT_PROTOTYPES = YES;
				CLANG_WARN_SUSPICIOUS_MOVE = YES;
				CLANG_WARN_UNGUARDED_AVAILABILITY = YES_AGGRESSIVE;
				CLANG_WARN_UNREACHABLE_CODE = YES;
				CLANG_WARN__DUPLICATE_METHOD_MATCH = YES;
				COPY_PHASE_STRIP = NO;
				DEBUG_INFORMATION_FORMAT = "dwarf-with-dsym";
				ENABLE_NS_ASSERTIONS = NO;
				ENABLE_STRICT_OBJC_MSGSEND = YES;
				GCC_C_LANGUAGE_STANDARD = gnu11;
				GCC_NO_COMMON_BLOCKS = YES;
				GCC_WARN_64_TO_32_BIT_CONVERSION = YES;
				GCC_WARN_ABOUT_RETURN_TYPE = YES_ERROR;
				GCC_WARN_UNDECLARED_SELECTOR = YES;
				GCC_WARN_UNINITIALIZED_AUTOS = YES_AGGRESSIVE;
				GCC_WARN_UNUSED_FUNCTION = YES;
				GCC_WARN_UNUSED_VARIABLE = YES;
				IPHONEOS_DEPLOYMENT_TARGET = 15.5;
				MTL_ENABLE_DEBUG_INFO = NO;
				MTL_FAST_MATH = YES;
				SDKROOT = iphoneos;
				SWIFT_COMPILATION_MODE = wholemodule;
				SWIFT_OPTIMIZATION_LEVEL = "-O";
				VALIDATE_PRODUCT = YES;
			};
			name = Release;
		};
		7A0FCD0D2895EB86000EA5B3 /* Debug */ = {
			isa = XCBuildConfiguration;
			buildSettings = {
				ASSETCATALOG_COMPILER_APPICON_NAME = AppIcon;
				ASSETCATALOG_COMPILER_GLOBAL_ACCENT_COLOR_NAME = AccentColor;
				CODE_SIGN_STYLE = Automatic;
				CURRENT_PROJECT_VERSION = 1;
				DEVELOPMENT_TEAM = 3YGD9ATNQ7;
				GENERATE_INFOPLIST_FILE = YES;
				INFOPLIST_FILE = Stocks/Info.plist;
				INFOPLIST_KEY_UIApplicationSupportsIndirectInputEvents = YES;
				INFOPLIST_KEY_UILaunchStoryboardName = LaunchScreen;
				INFOPLIST_KEY_UISupportedInterfaceOrientations = UIInterfaceOrientationPortrait;
				INFOPLIST_KEY_UISupportedInterfaceOrientations_iPad = "UIInterfaceOrientationPortrait UIInterfaceOrientationPortraitUpsideDown UIInterfaceOrientationLandscapeLeft UIInterfaceOrientationLandscapeRight";
				INFOPLIST_KEY_UISupportedInterfaceOrientations_iPhone = "UIInterfaceOrientationPortrait UIInterfaceOrientationLandscapeLeft UIInterfaceOrientationLandscapeRight";
				IPHONEOS_DEPLOYMENT_TARGET = 13.0;
				LD_RUNPATH_SEARCH_PATHS = (
					"$(inherited)",
					"@executable_path/Frameworks",
				);
				MARKETING_VERSION = 1.0;
				PRODUCT_BUNDLE_IDENTIFIER = dev.eliu.Stocks;
				PRODUCT_NAME = "$(TARGET_NAME)";
				SWIFT_EMIT_LOC_STRINGS = YES;
				SWIFT_VERSION = 5.0;
				TARGETED_DEVICE_FAMILY = 1;
			};
			name = Debug;
		};
		7A0FCD0E2895EB86000EA5B3 /* Release */ = {
			isa = XCBuildConfiguration;
			buildSettings = {
				ASSETCATALOG_COMPILER_APPICON_NAME = AppIcon;
				ASSETCATALOG_COMPILER_GLOBAL_ACCENT_COLOR_NAME = AccentColor;
				CODE_SIGN_STYLE = Automatic;
				CURRENT_PROJECT_VERSION = 1;
				DEVELOPMENT_TEAM = 3YGD9ATNQ7;
				GENERATE_INFOPLIST_FILE = YES;
				INFOPLIST_FILE = Stocks/Info.plist;
				INFOPLIST_KEY_UIApplicationSupportsIndirectInputEvents = YES;
				INFOPLIST_KEY_UILaunchStoryboardName = LaunchScreen;
				INFOPLIST_KEY_UISupportedInterfaceOrientations = UIInterfaceOrientationPortrait;
				INFOPLIST_KEY_UISupportedInterfaceOrientations_iPad = "UIInterfaceOrientationPortrait UIInterfaceOrientationPortraitUpsideDown UIInterfaceOrientationLandscapeLeft UIInterfaceOrientationLandscapeRight";
				INFOPLIST_KEY_UISupportedInterfaceOrientations_iPhone = "UIInterfaceOrientationPortrait UIInterfaceOrientationLandscapeLeft UIInterfaceOrientationLandscapeRight";
				IPHONEOS_DEPLOYMENT_TARGET = 13.0;
				LD_RUNPATH_SEARCH_PATHS = (
					"$(inherited)",
					"@executable_path/Frameworks",
				);
				MARKETING_VERSION = 1.0;
				PRODUCT_BUNDLE_IDENTIFIER = dev.eliu.Stocks;
				PRODUCT_NAME = "$(TARGET_NAME)";
				SWIFT_EMIT_LOC_STRINGS = YES;
				SWIFT_VERSION = 5.0;
				TARGETED_DEVICE_FAMILY = 1;
			};
			name = Release;
		};
/* End XCBuildConfiguration section */

/* Begin XCConfigurationList section */
		7A0FCCF32895EB85000EA5B3 /* Build configuration list for PBXProject "Stocks" */ = {
			isa = XCConfigurationList;
			buildConfigurations = (
				7A0FCD0A2895EB86000EA5B3 /* Debug */,
				7A0FCD0B2895EB86000EA5B3 /* Release */,
			);
			defaultConfigurationIsVisible = 0;
			defaultConfigurationName = Release;
		};
		7A0FCD0C2895EB86000EA5B3 /* Build configuration list for PBXNativeTarget "Stocks" */ = {
			isa = XCConfigurationList;
			buildConfigurations = (
				7A0FCD0D2895EB86000EA5B3 /* Debug */,
				7A0FCD0E2895EB86000EA5B3 /* Release */,
			);
			defaultConfigurationIsVisible = 0;
			defaultConfigurationName = Release;
		};
/* End XCConfigurationList section */
	};
	rootObject = 7A0FCCF02895EB85000EA5B3 /* Project object */;
}
